// !$*UTF8*$!
{
	archiveVersion = 1;
	classes = {
	};
	objectVersion = 46;
	objects = {

/* Begin PBXBuildFile section */
		F49A3C3117CF4C0A0007705D /* chap1_helloworld.1 in CopyFiles */ = {isa = PBXBuildFile; fileRef = F49A3C3017CF4C0A0007705D /* chap1_helloworld.1 */; };
		F49A3C3817CF4C4B0007705D /* helloworld.cpp in Sources */ = {isa = PBXBuildFile; fileRef = F49A3C3717CF4C4B0007705D /* helloworld.cpp */; };
/* End PBXBuildFile section */

/* Begin PBXCopyFilesBuildPhase section */
		F49A3C2917CF4C0A0007705D /* CopyFiles */ = {
			isa = PBXCopyFilesBuildPhase;
			buildActionMask = 2147483647;
			dstPath = /usr/share/man/man1/;
			dstSubfolderSpec = 0;
			files = (
				F49A3C3117CF4C0A0007705D /* chap1_helloworld.1 in CopyFiles */,
			);
			runOnlyForDeploymentPostprocessing = 1;
		};
/* End PBXCopyFilesBuildPhase section */

/* Begin PBXFileReference section */
		F49A3C2B17CF4C0A0007705D /* chap1_helloworld */ = {isa = PBXFileReference; explicitFileType = "compiled.mach-o.executable"; includeInIndex = 0; path = chap1_helloworld; sourceTree = BUILT_PRODUCTS_DIR; };
		F49A3C3017CF4C0A0007705D /* chap1_helloworld.1 */ = {isa = PBXFileReference; lastKnownFileType = text.man; path = chap1_helloworld.1; sourceTree = "<group>"; };
		F49A3C3717CF4C4B0007705D /* helloworld.cpp */ = {isa = PBXFileReference; fileEncoding = 4; lastKnownFileType = sourcecode.cpp.cpp; name = helloworld.cpp; path = ../../../helloworld/helloworld.cpp; sourceTree = "<group>"; };
/* End PBXFileReference section */

/* Begin PBXFrameworksBuildPhase section */
		F49A3C2817CF4C0A0007705D /* Frameworks */ = {
			isa = PBXFrameworksBuildPhase;
			buildActionMask = 2147483647;
			files = (
			);
			runOnlyForDeploymentPostprocessing = 0;
		};
/* End PBXFrameworksBuildPhase section */

/* Begin PBXGroup section */
		F49A3C2217CF4C0A0007705D = {
			isa = PBXGroup;
			children = (
				F49A3C2D17CF4C0A0007705D /* chap1_helloworld */,
				F49A3C2C17CF4C0A0007705D /* Products */,
			);
			sourceTree = "<group>";
		};
		F49A3C2C17CF4C0A0007705D /* Products */ = {
			isa = PBXGroup;
			children = (
				F49A3C2B17CF4C0A0007705D /* chap1_helloworld */,
			);
			name = Products;
			sourceTree = "<group>";
		};
		F49A3C2D17CF4C0A0007705D /* chap1_helloworld */ = {
			isa = PBXGroup;
			children = (
				F49A3C3717CF4C4B0007705D /* helloworld.cpp */,
				F49A3C3017CF4C0A0007705D /* chap1_helloworld.1 */,
			);
			path = chap1_helloworld;
			sourceTree = "<group>";
		};
/* End PBXGroup section */

/* Begin PBXNativeTarget section */
		F49A3C2A17CF4C0A0007705D /* chap1_helloworld */ = {
			isa = PBXNativeTarget;
			buildConfigurationList = F49A3C3417CF4C0A0007705D /* Build configuration list for PBXNativeTarget "chap1_helloworld" */;
			buildPhases = (
				F49A3C2717CF4C0A0007705D /* Sources */,
				F49A3C2817CF4C0A0007705D /* Frameworks */,
				F49A3C2917CF4C0A0007705D /* CopyFiles */,
			);
			buildRules = (
			);
			dependencies = (
			);
			name = chap1_helloworld;
			productName = chap1_helloworld;
			productReference = F49A3C2B17CF4C0A0007705D /* chap1_helloworld */;
			productType = "com.apple.product-type.tool";
		};
/* End PBXNativeTarget section */

/* Begin PBXProject section */
		F49A3C2317CF4C0A0007705D /* Project object */ = {
			isa = PBXProject;
			attributes = {
				LastUpgradeCheck = 0460;
				ORGANIZATIONNAME = luckymark;
			};
			buildConfigurationList = F49A3C2617CF4C0A0007705D /* Build configuration list for PBXProject "chap1_helloworld" */;
			compatibilityVersion = "Xcode 3.2";
			developmentRegion = English;
			hasScannedForEncodings = 0;
			knownRegions = (
				en,
			);
			mainGroup = F49A3C2217CF4C0A0007705D;
			productRefGroup = F49A3C2C17CF4C0A0007705D /* Products */;
			projectDirPath = "";
			projectRoot = "";
			targets = (
				F49A3C2A17CF4C0A0007705D /* chap1_helloworld */,
			);
		};
/* End PBXProject section */

/* Begin PBXSourcesBuildPhase section */
		F49A3C2717CF4C0A0007705D /* Sources */ = {
			isa = PBXSourcesBuildPhase;
			buildActionMask = 2147483647;
			files = (
				F49A3C3817CF4C4B0007705D /* helloworld.cpp in Sources */,
			);
			runOnlyForDeploymentPostprocessing = 0;
		};
/* End PBXSourcesBuildPhase section */

/* Begin XCBuildConfiguration section */
		F49A3C3217CF4C0A0007705D /* Debug */ = {
			isa = XCBuildConfiguration;
			buildSettings = {
				ALWAYS_SEARCH_USER_PATHS = NO;
				ARCHS = "$(ARCHS_STANDARD_64_BIT)";
				CLANG_CXX_LANGUAGE_STANDARD = "gnu++0x";
				CLANG_CXX_LIBRARY = "libc++";
				CLANG_WARN_CONSTANT_CONVERSION = YES;
				CLANG_WARN_EMPTY_BODY = YES;
				CLANG_WARN_ENUM_CONVERSION = YES;
				CLANG_WARN_INT_CONVERSION = YES;
				CLANG_WARN__DUPLICATE_METHOD_MATCH = YES;
				COPY_PHASE_STRIP = NO;
				GCC_C_LANGUAGE_STANDARD = gnu99;
				GCC_DYNAMIC_NO_PIC = NO;
				GCC_ENABLE_OBJC_EXCEPTIONS = YES;
				GCC_OPTIMIZATION_LEVEL = 0;
				GCC_PREPROCESSOR_DEFINITIONS = (
					"DEBUG=1",
					"$(inherited)",
				);
				GCC_SYMBOLS_PRIVATE_EXTERN = NO;
				GCC_WARN_64_TO_32_BIT_CONVERSION = YES;
				GCC_WARN_ABOUT_RETURN_TYPE = YES;
				GCC_WARN_UNINITIALIZED_AUTOS = YES;
				GCC_WARN_UNUSED_VARIABLE = YES;
				MACOSX_DEPLOYMENT_TARGET = 10.8;
				ONLY_ACTIVE_ARCH = YES;
				SDKROOT = macosx;
			};
			name = Debug;
		};
		F49A3C3317CF4C0A0007705D /* Release */ = {
			isa = XCBuildConfiguration;
			buildSettings = {
				ALWAYS_SEARCH_USER_PATHS = NO;
				ARCHS = "$(ARCHS_STANDARD_64_BIT)";
				CLANG_CXX_LANGUAGE_STANDARD = "gnu++0x";
				CLANG_CXX_LIBRARY = "libc++";
				CLANG_WARN_CONSTANT_CONVERSION = YES;
				CLANG_WARN_EMPTY_BODY = YES;
				CLANG_WARN_ENUM_CONVERSION = YES;
				CLANG_WARN_INT_CONVERSION = YES;
				CLANG_WARN__DUPLICATE_METHOD_MATCH = YES;
				COPY_PHASE_STRIP = YES;
				DEBUG_INFORMATION_FORMAT = "dwarf-with-dsym";
				GCC_C_LANGUAGE_STANDARD = gnu99;
				GCC_ENABLE_OBJC_EXCEPTIONS = YES;
				GCC_WARN_64_TO_32_BIT_CONVERSION = YES;
				GCC_WARN_ABOUT_RETURN_TYPE = YES;
				GCC_WARN_UNINITIALIZED_AUTOS = YES;
				GCC_WARN_UNUSED_VARIABLE = YES;
				MACOSX_DEPLOYMENT_TARGET = 10.8;
				SDKROOT = macosx;
			};
			name = Release;
		};
		F49A3C3517CF4C0A0007705D /* Debug */ = {
			isa = XCBuildConfiguration;
			buildSettings = {
				PRODUCT_NAME = "$(TARGET_NAME)";
			};
			name = Debug;
		};
		F49A3C3617CF4C0A0007705D /* Release */ = {
			isa = XCBuildConfiguration;
			buildSettings = {
				PRODUCT_NAME = "$(TARGET_NAME)";
			};
			name = Release;
		};
/* End XCBuildConfiguration section */

/* Begin XCConfigurationList section */
		F49A3C2617CF4C0A0007705D /* Build configuration list for PBXProject "chap1_helloworld" */ = {
			isa = XCConfigurationList;
			buildConfigurations = (
				F49A3C3217CF4C0A0007705D /* Debug */,
				F49A3C3317CF4C0A0007705D /* Release */,
			);
			defaultConfigurationIsVisible = 0;
			defaultConfigurationName = Release;
		};
		F49A3C3417CF4C0A0007705D /* Build configuration list for PBXNativeTarget "chap1_helloworld" */ = {
			isa = XCConfigurationList;
			buildConfigurations = (
				F49A3C3517CF4C0A0007705D /* Debug */,
				F49A3C3617CF4C0A0007705D /* Release */,
			);
			defaultConfigurationIsVisible = 0;
		};
/* End XCConfigurationList section */
	};
	rootObject = F49A3C2317CF4C0A0007705D /* Project object */;
}
